// !$*UTF8*$!
{
	archiveVersion = 1;
	classes = {
	};
	objectVersion = 50;
	objects = {

/* Begin PBXBuildFile section */
		B340293C943C2B154DD51A7C /* Pods_marvel_guide.framework in Frameworks */ = {isa = PBXBuildFile; fileRef = 2C58F99F6EA6FD5BBBDCBEF7 /* Pods_marvel_guide.framework */; };
		F08FC989211351BA008B94C5 /* CharactersModel.swift in Sources */ = {isa = PBXBuildFile; fileRef = F08FC988211351BA008B94C5 /* CharactersModel.swift */; };
		F08FC98F211360EB008B94C5 /* Constants.swift in Sources */ = {isa = PBXBuildFile; fileRef = F08FC98E211360EB008B94C5 /* Constants.swift */; };
		F08FC9912113613A008B94C5 /* ApiService.swift in Sources */ = {isa = PBXBuildFile; fileRef = F08FC9902113613A008B94C5 /* ApiService.swift */; };
		F08FC99721142929008B94C5 /* SecretKeys.swift in Sources */ = {isa = PBXBuildFile; fileRef = F08FC99621142929008B94C5 /* SecretKeys.swift */; };
		F0C6BFC82110412000966DA8 /* AppDelegate.swift in Sources */ = {isa = PBXBuildFile; fileRef = F0C6BFC72110412000966DA8 /* AppDelegate.swift */; };
		F0C6BFCA2110412000966DA8 /* ViewController.swift in Sources */ = {isa = PBXBuildFile; fileRef = F0C6BFC92110412000966DA8 /* ViewController.swift */; };
		F0C6BFCD2110412000966DA8 /* Main.storyboard in Resources */ = {isa = PBXBuildFile; fileRef = F0C6BFCB2110412000966DA8 /* Main.storyboard */; };
		F0C6BFCF2110412000966DA8 /* Assets.xcassets in Resources */ = {isa = PBXBuildFile; fileRef = F0C6BFCE2110412000966DA8 /* Assets.xcassets */; };
		F0C6BFD22110412000966DA8 /* LaunchScreen.storyboard in Resources */ = {isa = PBXBuildFile; fileRef = F0C6BFD02110412000966DA8 /* LaunchScreen.storyboard */; };
		F0C6BFDA2110476300966DA8 /* Podfile in Resources */ = {isa = PBXBuildFile; fileRef = F0C6BFD92110476300966DA8 /* Podfile */; };
/* End PBXBuildFile section */

/* Begin PBXFileReference section */
		23B1B852CF29FFE627CDEF20 /* Pods-marvel-guide.release.xcconfig */ = {isa = PBXFileReference; includeInIndex = 1; lastKnownFileType = text.xcconfig; name = "Pods-marvel-guide.release.xcconfig"; path = "Pods/Target Support Files/Pods-marvel-guide/Pods-marvel-guide.release.xcconfig"; sourceTree = "<group>"; };
		2C58F99F6EA6FD5BBBDCBEF7 /* Pods_marvel_guide.framework */ = {isa = PBXFileReference; explicitFileType = wrapper.framework; includeInIndex = 0; path = Pods_marvel_guide.framework; sourceTree = BUILT_PRODUCTS_DIR; };
		4959D1746F7D07FDF0000B24 /* Pods-marvel-guide.debug.xcconfig */ = {isa = PBXFileReference; includeInIndex = 1; lastKnownFileType = text.xcconfig; name = "Pods-marvel-guide.debug.xcconfig"; path = "Pods/Target Support Files/Pods-marvel-guide/Pods-marvel-guide.debug.xcconfig"; sourceTree = "<group>"; };
		F08FC988211351BA008B94C5 /* CharactersModel.swift */ = {isa = PBXFileReference; lastKnownFileType = sourcecode.swift; path = CharactersModel.swift; sourceTree = "<group>"; };
		F08FC98E211360EB008B94C5 /* Constants.swift */ = {isa = PBXFileReference; lastKnownFileType = sourcecode.swift; path = Constants.swift; sourceTree = "<group>"; };
		F08FC9902113613A008B94C5 /* ApiService.swift */ = {isa = PBXFileReference; lastKnownFileType = sourcecode.swift; path = ApiService.swift; sourceTree = "<group>"; };
		F08FC99621142929008B94C5 /* SecretKeys.swift */ = {isa = PBXFileReference; lastKnownFileType = sourcecode.swift; path = SecretKeys.swift; sourceTree = "<group>"; };
		F0C6BFC42110412000966DA8 /* marvel-guide.app */ = {isa = PBXFileReference; explicitFileType = wrapper.application; includeInIndex = 0; path = "marvel-guide.app"; sourceTree = BUILT_PRODUCTS_DIR; };
		F0C6BFC72110412000966DA8 /* AppDelegate.swift */ = {isa = PBXFileReference; lastKnownFileType = sourcecode.swift; path = AppDelegate.swift; sourceTree = "<group>"; };
		F0C6BFC92110412000966DA8 /* ViewController.swift */ = {isa = PBXFileReference; lastKnownFileType = sourcecode.swift; path = ViewController.swift; sourceTree = "<group>"; };
		F0C6BFCC2110412000966DA8 /* Base */ = {isa = PBXFileReference; lastKnownFileType = file.storyboard; name = Base; path = Base.lproj/Main.storyboard; sourceTree = "<group>"; };
		F0C6BFCE2110412000966DA8 /* Assets.xcassets */ = {isa = PBXFileReference; lastKnownFileType = folder.assetcatalog; path = Assets.xcassets; sourceTree = "<group>"; };
		F0C6BFD12110412000966DA8 /* Base */ = {isa = PBXFileReference; lastKnownFileType = file.storyboard; name = Base; path = Base.lproj/LaunchScreen.storyboard; sourceTree = "<group>"; };
		F0C6BFD32110412000966DA8 /* Info.plist */ = {isa = PBXFileReference; lastKnownFileType = text.plist.xml; path = Info.plist; sourceTree = "<group>"; };
		F0C6BFD92110476300966DA8 /* Podfile */ = {isa = PBXFileReference; lastKnownFileType = text; path = Podfile; sourceTree = "<group>"; xcLanguageSpecificationIdentifier = xcode.lang.ruby; };
/* End PBXFileReference section */

/* Begin PBXFrameworksBuildPhase section */
		F0C6BFC12110412000966DA8 /* Frameworks */ = {
			isa = PBXFrameworksBuildPhase;
			buildActionMask = 2147483647;
			files = (
				B340293C943C2B154DD51A7C /* Pods_marvel_guide.framework in Frameworks */,
			);
			runOnlyForDeploymentPostprocessing = 0;
		};
/* End PBXFrameworksBuildPhase section */

/* Begin PBXGroup section */
		5F393FE63296CFF606BB4A6E /* Frameworks */ = {
			isa = PBXGroup;
			children = (
				2C58F99F6EA6FD5BBBDCBEF7 /* Pods_marvel_guide.framework */,
			);
			name = Frameworks;
			sourceTree = "<group>";
		};
		E6B21A84C38984E48B8BE98A /* Pods */ = {
			isa = PBXGroup;
			children = (
				4959D1746F7D07FDF0000B24 /* Pods-marvel-guide.debug.xcconfig */,
				23B1B852CF29FFE627CDEF20 /* Pods-marvel-guide.release.xcconfig */,
			);
			name = Pods;
			sourceTree = "<group>";
		};
		F08FC98A211351C0008B94C5 /* Controllers */ = {
			isa = PBXGroup;
			children = (
				F0C6BFC92110412000966DA8 /* ViewController.swift */,
			);
			path = Controllers;
			sourceTree = "<group>";
		};
		F08FC98B2113546A008B94C5 /* Views */ = {
			isa = PBXGroup;
			children = (
			);
			path = Views;
			sourceTree = "<group>";
		};
		F08FC98C21135471008B94C5 /* Models */ = {
			isa = PBXGroup;
			children = (
				F08FC988211351BA008B94C5 /* CharactersModel.swift */,
			);
			path = Models;
			sourceTree = "<group>";
		};
		F08FC98D211360D6008B94C5 /* Core */ = {
			isa = PBXGroup;
			children = (
				F08FC98E211360EB008B94C5 /* Constants.swift */,
				F08FC9902113613A008B94C5 /* ApiService.swift */,
				F08FC99621142929008B94C5 /* SecretKeys.swift */,
			);
			path = Core;
			sourceTree = "<group>";
		};
		F0C6BFBB2110412000966DA8 = {
			isa = PBXGroup;
			children = (
				F0C6BFD92110476300966DA8 /* Podfile */,
				F0C6BFC62110412000966DA8 /* marvel-guide */,
				F0C6BFC52110412000966DA8 /* Products */,
				E6B21A84C38984E48B8BE98A /* Pods */,
				5F393FE63296CFF606BB4A6E /* Frameworks */,
			);
			sourceTree = "<group>";
		};
		F0C6BFC52110412000966DA8 /* Products */ = {
			isa = PBXGroup;
			children = (
				F0C6BFC42110412000966DA8 /* marvel-guide.app */,
			);
			name = Products;
			sourceTree = "<group>";
		};
		F0C6BFC62110412000966DA8 /* marvel-guide */ = {
			isa = PBXGroup;
			children = (
				F0C6BFC72110412000966DA8 /* AppDelegate.swift */,
				F08FC98D211360D6008B94C5 /* Core */,
				F08FC98C21135471008B94C5 /* Models */,
				F08FC98B2113546A008B94C5 /* Views */,
				F08FC98A211351C0008B94C5 /* Controllers */,
				F0C6BFCB2110412000966DA8 /* Main.storyboard */,
				F0C6BFCE2110412000966DA8 /* Assets.xcassets */,
				F0C6BFD02110412000966DA8 /* LaunchScreen.storyboard */,
				F0C6BFD32110412000966DA8 /* Info.plist */,
			);
			path = "marvel-guide";
			sourceTree = "<group>";
		};
/* End PBXGroup section */

/* Begin PBXNativeTarget section */
		F0C6BFC32110412000966DA8 /* marvel-guide */ = {
			isa = PBXNativeTarget;
			buildConfigurationList = F0C6BFD62110412000966DA8 /* Build configuration list for PBXNativeTarget "marvel-guide" */;
			buildPhases = (
				6AE400B1B429D3CBC3401708 /* [CP] Check Pods Manifest.lock */,
				F0C6BFC02110412000966DA8 /* Sources */,
				F0C6BFC12110412000966DA8 /* Frameworks */,
				F0C6BFC22110412000966DA8 /* Resources */,
				893B5BD223A4CA80B5E199B9 /* [CP] Embed Pods Frameworks */,
			);
			buildRules = (
			);
			dependencies = (
			);
			name = "marvel-guide";
			productName = "marvel-guide";
			productReference = F0C6BFC42110412000966DA8 /* marvel-guide.app */;
			productType = "com.apple.product-type.application";
		};
/* End PBXNativeTarget section */

/* Begin PBXProject section */
		F0C6BFBC2110412000966DA8 /* Project object */ = {
			isa = PBXProject;
			attributes = {
				LastSwiftUpdateCheck = 0940;
				LastUpgradeCheck = 0940;
				ORGANIZATIONNAME = "Rafael Díaz";
				TargetAttributes = {
					F0C6BFC32110412000966DA8 = {
						CreatedOnToolsVersion = 9.4.1;
					};
				};
			};
			buildConfigurationList = F0C6BFBF2110412000966DA8 /* Build configuration list for PBXProject "marvel-guide" */;
			compatibilityVersion = "Xcode 9.3";
			developmentRegion = en;
			hasScannedForEncodings = 0;
			knownRegions = (
				en,
				Base,
			);
			mainGroup = F0C6BFBB2110412000966DA8;
			productRefGroup = F0C6BFC52110412000966DA8 /* Products */;
			projectDirPath = "";
			projectRoot = "";
			targets = (
				F0C6BFC32110412000966DA8 /* marvel-guide */,
			);
		};
/* End PBXProject section */

/* Begin PBXResourcesBuildPhase section */
		F0C6BFC22110412000966DA8 /* Resources */ = {
			isa = PBXResourcesBuildPhase;
			buildActionMask = 2147483647;
			files = (
				F0C6BFD22110412000966DA8 /* LaunchScreen.storyboard in Resources */,
				F0C6BFCF2110412000966DA8 /* Assets.xcassets in Resources */,
				F0C6BFDA2110476300966DA8 /* Podfile in Resources */,
				F0C6BFCD2110412000966DA8 /* Main.storyboard in Resources */,
			);
			runOnlyForDeploymentPostprocessing = 0;
		};
/* End PBXResourcesBuildPhase section */

/* Begin PBXShellScriptBuildPhase section */
		6AE400B1B429D3CBC3401708 /* [CP] Check Pods Manifest.lock */ = {
			isa = PBXShellScriptBuildPhase;
			buildActionMask = 2147483647;
			files = (
			);
			inputPaths = (
				"${PODS_PODFILE_DIR_PATH}/Podfile.lock",
				"${PODS_ROOT}/Manifest.lock",
			);
			name = "[CP] Check Pods Manifest.lock";
			outputPaths = (
				"$(DERIVED_FILE_DIR)/Pods-marvel-guide-checkManifestLockResult.txt",
			);
			runOnlyForDeploymentPostprocessing = 0;
			shellPath = /bin/sh;
			shellScript = "diff \"${PODS_PODFILE_DIR_PATH}/Podfile.lock\" \"${PODS_ROOT}/Manifest.lock\" > /dev/null\nif [ $? != 0 ] ; then\n    # print error to STDERR\n    echo \"error: The sandbox is not in sync with the Podfile.lock. Run 'pod install' or update your CocoaPods installation.\" >&2\n    exit 1\nfi\n# This output is used by Xcode 'outputs' to avoid re-running this script phase.\necho \"SUCCESS\" > \"${SCRIPT_OUTPUT_FILE_0}\"\n";
			showEnvVarsInLog = 0;
		};
		893B5BD223A4CA80B5E199B9 /* [CP] Embed Pods Frameworks */ = {
			isa = PBXShellScriptBuildPhase;
			buildActionMask = 2147483647;
			files = (
			);
			inputPaths = (
				"${SRCROOT}/Pods/Target Support Files/Pods-marvel-guide/Pods-marvel-guide-frameworks.sh",
				"${BUILT_PRODUCTS_DIR}/Alamofire/Alamofire.framework",
				"${BUILT_PRODUCTS_DIR}/StringMD5/StringMD5.framework",
			);
			name = "[CP] Embed Pods Frameworks";
			outputPaths = (
				"${TARGET_BUILD_DIR}/${FRAMEWORKS_FOLDER_PATH}/Alamofire.framework",
				"${TARGET_BUILD_DIR}/${FRAMEWORKS_FOLDER_PATH}/StringMD5.framework",
			);
			runOnlyForDeploymentPostprocessing = 0;
			shellPath = /bin/sh;
			shellScript = "\"${SRCROOT}/Pods/Target Support Files/Pods-marvel-guide/Pods-marvel-guide-frameworks.sh\"\n";
			showEnvVarsInLog = 0;
		};
/* End PBXShellScriptBuildPhase section */

/* Begin PBXSourcesBuildPhase section */
		F0C6BFC02110412000966DA8 /* Sources */ = {
			isa = PBXSourcesBuildPhase;
			buildActionMask = 2147483647;
			files = (
				F08FC989211351BA008B94C5 /* CharactersModel.swift in Sources */,
				F08FC9912113613A008B94C5 /* ApiService.swift in Sources */,
				F0C6BFCA2110412000966DA8 /* ViewController.swift in Sources */,
				F0C6BFC82110412000966DA8 /* AppDelegate.swift in Sources */,
				F08FC98F211360EB008B94C5 /* Constants.swift in Sources */,
				F08FC99721142929008B94C5 /* SecretKeys.swift in Sources */,
			);
			runOnlyForDeploymentPostprocessing = 0;
		};
/* End PBXSourcesBuildPhase section */

/* Begin PBXVariantGroup section */
		F0C6BFCB2110412000966DA8 /* Main.storyboard */ = {
			isa = PBXVariantGroup;
			children = (
				F0C6BFCC2110412000966DA8 /* Base */,
			);
			name = Main.storyboard;
			sourceTree = "<group>";
		};
		F0C6BFD02110412000966DA8 /* LaunchScreen.storyboard */ = {
			isa = PBXVariantGroup;
			children = (
				F0C6BFD12110412000966DA8 /* Base */,
			);
			name = LaunchScreen.storyboard;
			sourceTree = "<group>";
		};
/* End PBXVariantGroup section */

/* Begin XCBuildConfiguration section */
		F0C6BFD42110412000966DA8 /* Debug */ = {
			isa = XCBuildConfiguration;
			buildSettings = {
				ALWAYS_SEARCH_USER_PATHS = NO;
				CLANG_ANALYZER_NONNULL = YES;
				CLANG_ANALYZER_NUMBER_OBJECT_CONVERSION = YES_AGGRESSIVE;
				CLANG_CXX_LANGUAGE_STANDARD = "gnu++14";
				CLANG_CXX_LIBRARY = "libc++";
				CLANG_ENABLE_MODULES = YES;
				CLANG_ENABLE_OBJC_ARC = YES;
				CLANG_ENABLE_OBJC_WEAK = YES;
				CLANG_WARN_BLOCK_CAPTURE_AUTORELEASING = YES;
				CLANG_WARN_BOOL_CONVERSION = YES;
				CLANG_WARN_COMMA = YES;
				CLANG_WARN_CONSTANT_CONVERSION = YES;
				CLANG_WARN_DEPRECATED_OBJC_IMPLEMENTATIONS = YES;
				CLANG_WARN_DIRECT_OBJC_ISA_USAGE = YES_ERROR;
				CLANG_WARN_DOCUMENTATION_COMMENTS = YES;
				CLANG_WARN_EMPTY_BODY = YES;
				CLANG_WARN_ENUM_CONVERSION = YES;
				CLANG_WARN_INFINITE_RECURSION = YES;
				CLANG_WARN_INT_CONVERSION = YES;
				CLANG_WARN_NON_LITERAL_NULL_CONVERSION = YES;
				CLANG_WARN_OBJC_IMPLICIT_RETAIN_SELF = YES;
				CLANG_WARN_OBJC_LITERAL_CONVERSION = YES;
				CLANG_WARN_OBJC_ROOT_CLASS = YES_ERROR;
				CLANG_WARN_RANGE_LOOP_ANALYSIS = YES;
				CLANG_WARN_STRICT_PROTOTYPES = YES;
				CLANG_WARN_SUSPICIOUS_MOVE = YES;
				CLANG_WARN_UNGUARDED_AVAILABILITY = YES_AGGRESSIVE;
				CLANG_WARN_UNREACHABLE_CODE = YES;
				CLANG_WARN__DUPLICATE_METHOD_MATCH = YES;
				CODE_SIGN_IDENTITY = "iPhone Developer";
				COPY_PHASE_STRIP = NO;
				DEBUG_INFORMATION_FORMAT = dwarf;
				ENABLE_STRICT_OBJC_MSGSEND = YES;
				ENABLE_TESTABILITY = YES;
				GCC_C_LANGUAGE_STANDARD = gnu11;
				GCC_DYNAMIC_NO_PIC = NO;
				GCC_NO_COMMON_BLOCKS = YES;
				GCC_OPTIMIZATION_LEVEL = 0;
				GCC_PREPROCESSOR_DEFINITIONS = (
					"DEBUG=1",
					"$(inherited)",
				);
				GCC_WARN_64_TO_32_BIT_CONVERSION = YES;
				GCC_WARN_ABOUT_RETURN_TYPE = YES_ERROR;
				GCC_WARN_UNDECLARED_SELECTOR = YES;
				GCC_WARN_UNINITIALIZED_AUTOS = YES_AGGRESSIVE;
				GCC_WARN_UNUSED_FUNCTION = YES;
				GCC_WARN_UNUSED_VARIABLE = YES;
				IPHONEOS_DEPLOYMENT_TARGET = 11.4;
				MTL_ENABLE_DEBUG_INFO = YES;
				ONLY_ACTIVE_ARCH = YES;
				SDKROOT = iphoneos;
				SWIFT_ACTIVE_COMPILATION_CONDITIONS = DEBUG;
				SWIFT_OPTIMIZATION_LEVEL = "-Onone";
			};
			name = Debug;
		};
		F0C6BFD52110412000966DA8 /* Release */ = {
			isa = XCBuildConfiguration;
			buildSettings = {
				ALWAYS_SEARCH_USER_PATHS = NO;
				CLANG_ANALYZER_NONNULL = YES;
				CLANG_ANALYZER_NUMBER_OBJECT_CONVERSION = YES_AGGRESSIVE;
				CLANG_CXX_LANGUAGE_STANDARD = "gnu++14";
				CLANG_CXX_LIBRARY = "libc++";
				CLANG_ENABLE_MODULES = YES;
				CLANG_ENABLE_OBJC_ARC = YES;
				CLANG_ENABLE_OBJC_WEAK = YES;
				CLANG_WARN_BLOCK_CAPTURE_AUTORELEASING = YES;
				CLANG_WARN_BOOL_CONVERSION = YES;
				CLANG_WARN_COMMA = YES;
				CLANG_WARN_CONSTANT_CONVERSION = YES;
				CLANG_WARN_DEPRECATED_OBJC_IMPLEMENTATIONS = YES;
				CLANG_WARN_DIRECT_OBJC_ISA_USAGE = YES_ERROR;
				CLANG_WARN_DOCUMENTATION_COMMENTS = YES;
				CLANG_WARN_EMPTY_BODY = YES;
				CLANG_WARN_ENUM_CONVERSION = YES;
				CLANG_WARN_INFINITE_RECURSION = YES;
				CLANG_WARN_INT_CONVERSION = YES;
				CLANG_WARN_NON_LITERAL_NULL_CONVERSION = YES;
				CLANG_WARN_OBJC_IMPLICIT_RETAIN_SELF = YES;
				CLANG_WARN_OBJC_LITERAL_CONVERSION = YES;
				CLANG_WARN_OBJC_ROOT_CLASS = YES_ERROR;
				CLANG_WARN_RANGE_LOOP_ANALYSIS = YES;
				CLANG_WARN_STRICT_PROTOTYPES = YES;
				CLANG_WARN_SUSPICIOUS_MOVE = YES;
				CLANG_WARN_UNGUARDED_AVAILABILITY = YES_AGGRESSIVE;
				CLANG_WARN_UNREACHABLE_CODE = YES;
				CLANG_WARN__DUPLICATE_METHOD_MATCH = YES;
				CODE_SIGN_IDENTITY = "iPhone Developer";
				COPY_PHASE_STRIP = NO;
				DEBUG_INFORMATION_FORMAT = "dwarf-with-dsym";
				ENABLE_NS_ASSERTIONS = NO;
				ENABLE_STRICT_OBJC_MSGSEND = YES;
				GCC_C_LANGUAGE_STANDARD = gnu11;
				GCC_NO_COMMON_BLOCKS = YES;
				GCC_WARN_64_TO_32_BIT_CONVERSION = YES;
				GCC_WARN_ABOUT_RETURN_TYPE = YES_ERROR;
				GCC_WARN_UNDECLARED_SELECTOR = YES;
				GCC_WARN_UNINITIALIZED_AUTOS = YES_AGGRESSIVE;
				GCC_WARN_UNUSED_FUNCTION = YES;
				GCC_WARN_UNUSED_VARIABLE = YES;
				IPHONEOS_DEPLOYMENT_TARGET = 11.4;
				MTL_ENABLE_DEBUG_INFO = NO;
				SDKROOT = iphoneos;
				SWIFT_COMPILATION_MODE = wholemodule;
				SWIFT_OPTIMIZATION_LEVEL = "-O";
				VALIDATE_PRODUCT = YES;
			};
			name = Release;
		};
		F0C6BFD72110412000966DA8 /* Debug */ = {
			isa = XCBuildConfiguration;
			baseConfigurationReference = 4959D1746F7D07FDF0000B24 /* Pods-marvel-guide.debug.xcconfig */;
			buildSettings = {
				ASSETCATALOG_COMPILER_APPICON_NAME = AppIcon;
				CODE_SIGN_STYLE = Automatic;
				DEVELOPMENT_TEAM = "";
				INFOPLIST_FILE = "marvel-guide/Info.plist";
				LD_RUNPATH_SEARCH_PATHS = (
					"$(inherited)",
					"@executable_path/Frameworks",
				);
				PRODUCT_BUNDLE_IDENTIFIER = "com.rafaeldiaz.marvel-guide";
				PRODUCT_NAME = "$(TARGET_NAME)";
				SWIFT_VERSION = 4.0;
				TARGETED_DEVICE_FAMILY = "1,2";
			};
			name = Debug;
		};
		F0C6BFD82110412000966DA8 /* Release */ = {
			isa = XCBuildConfiguration;
			baseConfigurationReference = 23B1B852CF29FFE627CDEF20 /* Pods-marvel-guide.release.xcconfig */;
			buildSettings = {
				ASSETCATALOG_COMPILER_APPICON_NAME = AppIcon;
				CODE_SIGN_STYLE = Automatic;
				DEVELOPMENT_TEAM = "";
				INFOPLIST_FILE = "marvel-guide/Info.plist";
				LD_RUNPATH_SEARCH_PATHS = (
					"$(inherited)",
					"@executable_path/Frameworks",
				);
				PRODUCT_BUNDLE_IDENTIFIER = "com.rafaeldiaz.marvel-guide";
				PRODUCT_NAME = "$(TARGET_NAME)";
				SWIFT_VERSION = 4.0;
				TARGETED_DEVICE_FAMILY = "1,2";
			};
			name = Release;
		};
/* End XCBuildConfiguration section */

/* Begin XCConfigurationList section */
		F0C6BFBF2110412000966DA8 /* Build configuration list for PBXProject "marvel-guide" */ = {
			isa = XCConfigurationList;
			buildConfigurations = (
				F0C6BFD42110412000966DA8 /* Debug */,
				F0C6BFD52110412000966DA8 /* Release */,
			);
			defaultConfigurationIsVisible = 0;
			defaultConfigurationName = Release;
		};
		F0C6BFD62110412000966DA8 /* Build configuration list for PBXNativeTarget "marvel-guide" */ = {
			isa = XCConfigurationList;
			buildConfigurations = (
				F0C6BFD72110412000966DA8 /* Debug */,
				F0C6BFD82110412000966DA8 /* Release */,
			);
			defaultConfigurationIsVisible = 0;
			defaultConfigurationName = Release;
		};
/* End XCConfigurationList section */
	};
	rootObject = F0C6BFBC2110412000966DA8 /* Project object */;
}
